
Microsoft Visual Studio Solution File, Format Version 12.00
# Visual Studio Version 17
VisualStudioVersion = 17.11.35312.102
MinimumVisualStudioVersion = 10.0.40219.1
Project("{FAE04EC0-301F-11D3-BF4B-00C04F79EFBC}") = "UserDetails", "UserDetails.csproj", "{9B9A1C1D-696F-405B-870F-9573FC88761D}"
EndProject
Global
	GlobalSection(SolutionConfigurationPlatforms) = preSolution
		Debug|Any CPU = Debug|Any CPU
		Release|Any CPU = Release|Any CPU
	EndGlobalSection
	GlobalSection(ProjectConfigurationPlatforms) = postSolution
		{9B9A1C1D-696F-405B-870F-9573FC88761D}.Debug|Any CPU.ActiveCfg = Debug|Any CPU
		{9B9A1C1D-696F-405B-870F-9573FC88761D}.Debug|Any CPU.Build.0 = Debug|Any CPU
		{9B9A1C1D-696F-405B-870F-9573FC88761D}.Release|Any CPU.ActiveCfg = Release|Any CPU
		{9B9A1C1D-696F-405B-870F-9573FC88761D}.Release|Any CPU.Build.0 = Release|Any CPU
	EndGlobalSection
	GlobalSection(SolutionProperties) = preSolution
		HideSolutionNode = FALSE
	EndGlobalSection
	GlobalSection(ExtensibilityGlobals) = postSolution
		SolutionGuid = {18AC50FE-7699-4390-9FE1-F39DAAAD7668}
	EndGlobalSection
EndGlobal
